dependencies:
  '@tsconfig/svelte': 1.0.10
  '@types/d3': 6.3.0
  d3: 6.6.1
  rollup-plugin-svelte: 7.1.0_svelte@3.35.0
  svelte: 3.35.0
  svelte-preprocess: 4.6.9_svelte@3.35.0+typescript@4.2.3
  typescript: 4.2.3
  vite: 2.1.2
  vite-plugin-windicss: 0.9.11_vite@2.1.2
lockfileVersion: 5.2
packages:
  /@nodelib/fs.scandir/2.1.4:
    dependencies:
      '@nodelib/fs.stat': 2.0.4
      run-parallel: 1.2.0
    dev: false
    engines:
      node: '>= 8'
    resolution:
      integrity: sha512-33g3pMJk3bg5nXbL/+CY6I2eJDzZAni49PfJnL5fghPTggPvBd/pFNSgJsdAgWptuFu7qq/ERvOYFlhvsLTCKA==
  /@nodelib/fs.stat/2.0.4:
    dev: false
    engines:
      node: '>= 8'
    resolution:
      integrity: sha512-IYlHJA0clt2+Vg7bccq+TzRdJvv19c2INqBSsoOLp1je7xjtr7J26+WXR72MCdvU9q1qTzIWDfhMf+DRvQJK4Q==
  /@nodelib/fs.walk/1.2.6:
    dependencies:
      '@nodelib/fs.scandir': 2.1.4
      fastq: 1.11.0
    dev: false
    engines:
      node: '>= 8'
    resolution:
      integrity: sha512-8Broas6vTtW4GIXTAHDoE32hnN2M5ykgCpWGbuXHQ15vEMqr23pB76e/GZcYsZCHALv50ktd24qhEyKr6wBtow==
  /@tsconfig/svelte/1.0.10:
    dev: false
    resolution:
      integrity: sha512-EBrpH2iXXfaf/9z81koiDYkp2mlwW2XzFcAqn6qh7VKyP8zBvHHAQzNhY+W9vH5arAjmGAm5g8ElWq6YmXm3ig==
  /@types/d3-array/2.9.0:
    dev: false
    resolution:
      integrity: sha512-sdBMGfNvLUkBypPMEhOcKcblTQfgHbqbYrUqRE31jOwdDHBJBxz4co2MDAq93S4Cp++phk4UiwoEg/1hK3xXAQ==
  /@types/d3-axis/2.0.0:
    dependencies:
      '@types/d3-selection': 2.0.0
    dev: false
    resolution:
      integrity: sha512-gUdlEwGBLl3tXGiBnBNmNzph9W3bCfa4tBgWZD60Z1eDQKTY4zyCAcZ3LksignGfKawYatmDYcBdjJ5h/54sqA==
  /@types/d3-brush/2.1.0:
    dependencies:
      '@types/d3-selection': 2.0.0
    dev: false
    resolution:
      integrity: sha512-rLQqxQeXWF4ArXi81GlV8HBNwJw9EDpz0jcWvvzv548EDE4tXrayBTOHYi/8Q4FZ/Df8PGXFzxpAVQmJMjOtvQ==
  /@types/d3-chord/2.0.0:
    dev: false
    resolution:
      integrity: sha512-3nHsLY7lImpZlM/hrPeDqqW2a+lRXXoHsG54QSurDGihZAIE/doQlohs0evoHrWOJqXyn4A4xbSVEtXnMEZZiw==
  /@types/d3-color/2.0.1:
    dev: false
    resolution:
      integrity: sha512-u7LTCL7RnaavFSmob2rIAJLNwu50i6gFwY9cHFr80BrQURYQBRkJ+Yv47nA3Fm7FeRhdWTiVTeqvSeOuMAOzBQ==
  /@types/d3-contour/2.0.0:
    dependencies:
      '@types/d3-array': 2.9.0
      '@types/geojson': 7946.0.7
    dev: false
    resolution:
      integrity: sha512-PS9UO6zBQqwHXsocbpdzZFONgK1oRUgWtjjh/iz2vM06KaXLInLiKZ9e3OLBRerc1cU2uJYpO+8zOnb6frvCGQ==
  /@types/d3-delaunay/5.3.0:
    dev: false
    resolution:
      integrity: sha512-gJYcGxLu0xDZPccbUe32OUpeaNtd1Lz0NYJtko6ZLMyG2euF4pBzrsQXms67LHZCDFzzszw+dMhSL/QAML3bXw==
  /@types/d3-dispatch/2.0.0:
    dev: false
    resolution:
      integrity: sha512-Sh0KW6z/d7uxssD7K4s4uCSzlEG/+SP+U47q098NVdOfFvUKNTvKAIV4XqjxsUuhE/854ARAREHOxkr9gQOCyg==
  /@types/d3-drag/2.0.0:
    dependencies:
      '@types/d3-selection': 2.0.0
    dev: false
    resolution:
      integrity: sha512-VaUJPjbMnDn02tcRqsHLRAX5VjcRIzCjBfeXTLGe6QjMn5JccB5Cz4ztMRXMJfkbC45ovgJFWuj6DHvWMX1thA==
  /@types/d3-dsv/2.0.1:
    dev: false
    resolution:
      integrity: sha512-wovgiG9Mgkr/SZ/m/c0m+RwrIT4ozsuCWeLxJyoObDWsie2DeQT4wzMdHZPR9Ya5oZLQT3w3uSl0NehG0+0dCA==
  /@types/d3-ease/2.0.0:
    dev: false
    resolution:
      integrity: sha512-6aZrTyX5LG+ptofVHf+gTsThLRY1nhLotJjgY4drYqk1OkJMu2UvuoZRlPw2fffjRHeYepue3/fxTufqKKmvsA==
  /@types/d3-fetch/2.0.0:
    dependencies:
      '@types/d3-dsv': 2.0.1
    dev: false
    resolution:
      integrity: sha512-WnLepGtxepFfXRdPI8I5FTgNiHn9p4vMTTqaNCzJJfAswXx0rOY2jjeolzEU063em3iJmGZ+U79InnEeFOrCRw==
  /@types/d3-force/2.1.1:
    dev: false
    resolution:
      integrity: sha512-3r+CQv2K/uDTAVg0DGxsbBjV02vgOxb8RhPIv3gd6cp3pdPAZ7wEXpDjUZSoqycAQLSDOxG/AZ54Vx6YXZSbmQ==
  /@types/d3-format/2.0.0:
    dev: false
    resolution:
      integrity: sha512-uagdkftxnGkO4pZw5jEYOM5ZnZOEsh7z8j11Qxk85UkB2RzfUUxRl7R9VvvJZHwKn8l+x+rpS77Nusq7FkFmIg==
  /@types/d3-geo/2.0.0:
    dependencies:
      '@types/geojson': 7946.0.7
    dev: false
    resolution:
      integrity: sha512-DHHgYXW36lnAEQMYU2udKVOxxljHrn2EdOINeSC9jWCAXwOnGn7A19B8sNsHqgpu4F7O2bSD7//cqBXD3W0Deg==
  /@types/d3-hierarchy/2.0.0:
    dev: false
    resolution:
      integrity: sha512-YxdskUvwzqggpnSnDQj4KVkicgjpkgXn/g/9M9iGsiToLS3nG6Ytjo1FoYhYVAAElV/fJBGVL3cQ9Hb7tcv+lw==
  /@types/d3-interpolate/2.0.0:
    dependencies:
      '@types/d3-color': 2.0.1
    dev: false
    resolution:
      integrity: sha512-Wt1v2zTlEN8dSx8hhx6MoOhWQgTkz0Ukj7owAEIOF2QtI0e219paFX9rf/SLOr/UExWb1TcUzatU8zWwFby6gg==
  /@types/d3-path/1.0.9:
    dev: false
    resolution:
      integrity: sha512-NaIeSIBiFgSC6IGUBjZWcscUJEq7vpVu7KthHN8eieTV9d9MqkSOZLH4chq1PmcKy06PNe3axLeKmRIyxJ+PZQ==
  /@types/d3-path/2.0.0:
    dev: false
    resolution:
      integrity: sha512-tXcR/9OtDdeCIsyl6eTNHC3XOAOdyc6ceF3QGBXOd9jTcK+ex/ecr00p9L9362e/op3UEPpxrToi1FHrtTSj7Q==
  /@types/d3-polygon/2.0.0:
    dev: false
    resolution:
      integrity: sha512-fISnMd8ePED1G4aa4V974Jmt+ajHSgPoxMa2D0ULxMybpx0Vw4WEzhQEaMIrL3hM8HVRcKTx669I+dTy/4PhAw==
  /@types/d3-quadtree/2.0.0:
    dev: false
    resolution:
      integrity: sha512-YZuJuGBnijD0H+98xMJD4oZXgv/umPXy5deu3IimYTPGH3Kr8Th6iQUff0/6S80oNBD7KtOuIHwHUCymUiRoeQ==
  /@types/d3-random/2.2.0:
    dev: false
    resolution:
      integrity: sha512-Hjfj9m68NmYZzushzEG7etPvKH/nj9b9s9+qtkNG3/dbRBjQZQg1XS6nRuHJcCASTjxXlyXZnKu2gDxyQIIu9A==
  /@types/d3-scale-chromatic/2.0.0:
    dev: false
    resolution:
      integrity: sha512-Y62+2clOwZoKua84Ha0xU77w7lePiaBoTjXugT4l8Rd5LAk+Mn/ZDtrgs087a+B5uJ3jYUHHtKw5nuEzp0WBHw==
  /@types/d3-scale/3.2.2:
    dependencies:
      '@types/d3-time': 2.0.0
    dev: false
    resolution:
      integrity: sha512-qpQe8G02tzUwt9sdWX1h8A/W0Q1+N48wMnYXVOkrzeLUkCfvzJYV9Ee3aORCS4dN4ONRLFmMvaXdziQ29XGLjQ==
  /@types/d3-selection/2.0.0:
    dev: false
    resolution:
      integrity: sha512-EF0lWZ4tg7oDFg4YQFlbOU3936e3a9UmoQ2IXlBy1+cv2c2Pv7knhKUzGlH5Hq2sF/KeDTH1amiRPey2rrLMQA==
  /@types/d3-shape/2.0.0:
    dependencies:
      '@types/d3-path': 1.0.9
    dev: false
    resolution:
      integrity: sha512-NLzD02m5PiD1KLEDjLN+MtqEcFYn4ZL9+Rqc9ZwARK1cpKZXd91zBETbe6wpBB6Ia0D0VZbpmbW3+BsGPGnCpA==
  /@types/d3-time-format/3.0.0:
    dev: false
    resolution:
      integrity: sha512-UpLg1mn/8PLyjr+J/JwdQJM/GzysMvv2CS8y+WYAL5K0+wbvXv/pPSLEfdNaprCZsGcXTxPsFMy8QtkYv9ueew==
  /@types/d3-time/2.0.0:
    dev: false
    resolution:
      integrity: sha512-Abz8bTzy8UWDeYs9pCa3D37i29EWDjNTjemdk0ei1ApYVNqulYlGUKip/jLOpogkPSsPz/GvZCYiC7MFlEk0iQ==
  /@types/d3-timer/2.0.0:
    dev: false
    resolution:
      integrity: sha512-l6stHr1VD1BWlW6u3pxrjLtJfpPZq9I3XmKIQtq7zHM/s6fwEtI1Yn6Sr5/jQTrUDCC5jkS6gWqlFGCDArDqNg==
  /@types/d3-transition/2.0.0:
    dependencies:
      '@types/d3-selection': 2.0.0
    dev: false
    resolution:
      integrity: sha512-UJDzI98utcZQUJt3uIit/Ho0/eBIANzrWJrTmi4+TaKIyWL2iCu7ShP0o4QajCskhyjOA7C8+4CE3b1YirTzEQ==
  /@types/d3-zoom/2.0.0:
    dependencies:
      '@types/d3-interpolate': 2.0.0
      '@types/d3-selection': 2.0.0
    dev: false
    resolution:
      integrity: sha512-daL0PJm4yT0ISTGa7p2lHX0kvv9FO/IR1ooWbHR/7H4jpbaKiLux5FslyS/OvISPiJ5SXb4sOqYhO6fMB6hKRw==
  /@types/d3/6.3.0:
    dependencies:
      '@types/d3-array': 2.9.0
      '@types/d3-axis': 2.0.0
      '@types/d3-brush': 2.1.0
      '@types/d3-chord': 2.0.0
      '@types/d3-color': 2.0.1
      '@types/d3-contour': 2.0.0
      '@types/d3-delaunay': 5.3.0
      '@types/d3-dispatch': 2.0.0
      '@types/d3-drag': 2.0.0
      '@types/d3-dsv': 2.0.1
      '@types/d3-ease': 2.0.0
      '@types/d3-fetch': 2.0.0
      '@types/d3-force': 2.1.1
      '@types/d3-format': 2.0.0
      '@types/d3-geo': 2.0.0
      '@types/d3-hierarchy': 2.0.0
      '@types/d3-interpolate': 2.0.0
      '@types/d3-path': 2.0.0
      '@types/d3-polygon': 2.0.0
      '@types/d3-quadtree': 2.0.0
      '@types/d3-random': 2.2.0
      '@types/d3-scale': 3.2.2
      '@types/d3-scale-chromatic': 2.0.0
      '@types/d3-selection': 2.0.0
      '@types/d3-shape': 2.0.0
      '@types/d3-time': 2.0.0
      '@types/d3-time-format': 3.0.0
      '@types/d3-timer': 2.0.0
      '@types/d3-transition': 2.0.0
      '@types/d3-zoom': 2.0.0
    dev: false
    resolution:
      integrity: sha512-YILdGsjNTbvkWZKsBasB4cVDwNPnni7ILMJg9keMErQHyuII2yO2jyFdUy5E+7k/HTNP/AucrPddQuu27udbeA==
  /@types/geojson/7946.0.7:
    dev: false
    resolution:
      integrity: sha512-wE2v81i4C4Ol09RtsWFAqg3BUitWbHSpSlIo+bNdsCJijO9sjme+zm+73ZMCa/qMC8UEERxzGbvmr1cffo2SiQ==
  /@types/node/14.14.35:
    dev: false
    resolution:
      integrity: sha512-Lt+wj8NVPx0zUmUwumiVXapmaLUcAk3yPuHCFVXras9k5VT9TdhJqKqGVUQCD60OTMCl0qxJ57OiTL0Mic3Iag==
  /@types/pug/2.0.4:
    dev: false
    resolution:
      integrity: sha1-h3L80EGOPNLMFxVV1zAHQVBR9LI=
  /@types/sass/1.16.0:
    dependencies:
      '@types/node': 14.14.35
    dev: false
    resolution:
      integrity: sha512-2XZovu4NwcqmtZtsBR5XYLw18T8cBCnU2USFHTnYLLHz9fkhnoEMoDsqShJIOFsFhn5aJHjweiUUdTrDGujegA==
  /@windicss/plugin-utils/0.9.11:
    dependencies:
      debug: 4.3.2
      fast-glob: 3.2.5
      micromatch: 4.0.2
      sucrase: 3.17.1
      windicss: 2.5.4
    dev: false
    resolution:
      integrity: sha512-gGLe3/Ud63fcpj1FTq+0/feP/UM34j9W+iSyBtpPnmfLx8mi2a9g9vhZrojqL9X9IYY+ZhHczZ8Fn9qcHdzWVw==
  /any-promise/1.3.0:
    dev: false
    resolution:
      integrity: sha1-q8av7tzqUugJzcA3au0845Y10X8=
  /balanced-match/1.0.0:
    dev: false
    resolution:
      integrity: sha1-ibTRmasr7kneFk6gK4nORi1xt2c=
  /brace-expansion/1.1.11:
    dependencies:
      balanced-match: 1.0.0
      concat-map: 0.0.1
    dev: false
    resolution:
      integrity: sha512-iCuPHDFgrHX7H2vEI/5xpz07zSHB00TpugqhmYtVmMO6518mCuRMoOYFldEBl0g187ufozdaHgWKcYFb61qGiA==
  /braces/3.0.2:
    dependencies:
      fill-range: 7.0.1
    dev: false
    engines:
      node: '>=8'
    resolution:
      integrity: sha512-b8um+L1RzM3WDSzvhm6gIz1yfTbBt6YTlcEKAvsmqCZZFw46z626lVj9j1yEPW33H5H+lBQpZMP1k8l+78Ha0A==
  /colorette/1.2.2:
    dev: false
    resolution:
      integrity: sha512-MKGMzyfeuutC/ZJ1cba9NqcNpfeqMUcYmyF1ZFY6/Cn7CNSAKx6a+s48sqLqyAiZuaP2TcqMhoo+dlwFnVxT9w==
  /commander/2.20.3:
    dev: false
    resolution:
      integrity: sha512-GpVkmM8vF2vQUkj2LvZmD35JxeJOLCwJ9cUkugyk2nuhbv3+mJvpLYYt+0+USMxE+oj+ey/lJEnhZw75x/OMcQ==
  /commander/4.1.1:
    dev: false
    engines:
      node: '>= 6'
    resolution:
      integrity: sha512-NOKm8xhkzAjzFx8B2v5OAHT+u5pRQc2UCa2Vq9jYL/31o2wi9mxBA7LIFs3sV5VSC49z6pEhfbMULvShKj26WA==
  /concat-map/0.0.1:
    dev: false
    resolution:
      integrity: sha1-2Klr13/Wjfd5OnMDajug1UBdR3s=
  /d3-array/2.12.1:
    dependencies:
      internmap: 1.0.1
    dev: false
    resolution:
      integrity: sha512-B0ErZK/66mHtEsR1TkPEEkwdy+WDesimkM5gpZr5Dsg54BiTA5RXtYW5qTLIAcekaS9xfZrzBLF/OAkB3Qn1YQ==
  /d3-axis/2.1.0:
    dev: false
    resolution:
      integrity: sha512-z/G2TQMyuf0X3qP+Mh+2PimoJD41VOCjViJzT0BHeL/+JQAofkiWZbWxlwFGb1N8EN+Cl/CW+MUKbVzr1689Cw==
  /d3-brush/2.1.0:
    dependencies:
      d3-dispatch: 2.0.0
      d3-drag: 2.0.0
      d3-interpolate: 2.0.1
      d3-selection: 2.0.0
      d3-transition: 2.0.0_d3-selection@2.0.0
    dev: false
    resolution:
      integrity: sha512-cHLLAFatBATyIKqZOkk/mDHUbzne2B3ZwxkzMHvFTCZCmLaXDpZRihQSn8UNXTkGD/3lb/W2sQz0etAftmHMJQ==
  /d3-chord/2.0.0:
    dependencies:
      d3-path: 2.0.0
    dev: false
    resolution:
      integrity: sha512-D5PZb7EDsRNdGU4SsjQyKhja8Zgu+SHZfUSO5Ls8Wsn+jsAKUUGkcshLxMg9HDFxG3KqavGWaWkJ8EpU8ojuig==
  /d3-color/2.0.0:
    dev: false
    resolution:
      integrity: sha512-SPXi0TSKPD4g9tw0NMZFnR95XVgUZiBH+uUTqQuDu1OsE2zomHU7ho0FISciaPvosimixwHFl3WHLGabv6dDgQ==
  /d3-contour/2.0.0:
    dependencies:
      d3-array: 2.12.1
    dev: false
    resolution:
      integrity: sha512-9unAtvIaNk06UwqBmvsdHX7CZ+NPDZnn8TtNH1myW93pWJkhsV25JcgnYAu0Ck5Veb1DHiCv++Ic5uvJ+h50JA==
  /d3-delaunay/5.3.0:
    dependencies:
      delaunator: 4.0.1
    dev: false
    resolution:
      integrity: sha512-amALSrOllWVLaHTnDLHwMIiz0d1bBu9gZXd1FiLfXf8sHcX9jrcj81TVZOqD4UX7MgBZZ07c8GxzEgBpJqc74w==
  /d3-dispatch/2.0.0:
    dev: false
    resolution:
      integrity: sha512-S/m2VsXI7gAti2pBoLClFFTMOO1HTtT0j99AuXLoGFKO6deHDdnv6ZGTxSTTUTgO1zVcv82fCOtDjYK4EECmWA==
  /d3-drag/2.0.0:
    dependencies:
      d3-dispatch: 2.0.0
      d3-selection: 2.0.0
    dev: false
    resolution:
      integrity: sha512-g9y9WbMnF5uqB9qKqwIIa/921RYWzlUDv9Jl1/yONQwxbOfszAWTCm8u7HOTgJgRDXiRZN56cHT9pd24dmXs8w==
  /d3-dsv/2.0.0:
    dependencies:
      commander: 2.20.3
      iconv-lite: 0.4.24
      rw: 1.3.3
    dev: false
    hasBin: true
    resolution:
      integrity: sha512-E+Pn8UJYx9mViuIUkoc93gJGGYut6mSDKy2+XaPwccwkRGlR+LO97L2VCCRjQivTwLHkSnAJG7yo00BWY6QM+w==
  /d3-ease/2.0.0:
    dev: false
    resolution:
      integrity: sha512-68/n9JWarxXkOWMshcT5IcjbB+agblQUaIsbnXmrzejn2O82n3p2A9R2zEB9HIEFWKFwPAEDDN8gR0VdSAyyAQ==
  /d3-fetch/2.0.0:
    dependencies:
      d3-dsv: 2.0.0
    dev: false
    resolution:
      integrity: sha512-TkYv/hjXgCryBeNKiclrwqZH7Nb+GaOwo3Neg24ZVWA3MKB+Rd+BY84Nh6tmNEMcjUik1CSUWjXYndmeO6F7sw==
  /d3-force/2.1.1:
    dependencies:
      d3-dispatch: 2.0.0
      d3-quadtree: 2.0.0
      d3-timer: 2.0.0
    dev: false
    resolution:
      integrity: sha512-nAuHEzBqMvpFVMf9OX75d00OxvOXdxY+xECIXjW6Gv8BRrXu6gAWbv/9XKrvfJ5i5DCokDW7RYE50LRoK092ew==
  /d3-format/2.0.0:
    dev: false
    resolution:
      integrity: sha512-Ab3S6XuE/Q+flY96HXT0jOXcM4EAClYFnRGY5zsjRGNy6qCYrQsMffs7cV5Q9xejb35zxW5hf/guKw34kvIKsA==
  /d3-geo/2.0.1:
    dependencies:
      d3-array: 2.12.1
    dev: false
    resolution:
      integrity: sha512-M6yzGbFRfxzNrVhxDJXzJqSLQ90q1cCyb3EWFZ1LF4eWOBYxFypw7I/NFVBNXKNqxv1bqLathhYvdJ6DC+th3A==
  /d3-hierarchy/2.0.0:
    dev: false
    resolution:
      integrity: sha512-SwIdqM3HxQX2214EG9GTjgmCc/mbSx4mQBn+DuEETubhOw6/U3fmnji4uCVrmzOydMHSO1nZle5gh6HB/wdOzw==
  /d3-interpolate/2.0.1:
    dependencies:
      d3-color: 2.0.0
    dev: false
    resolution:
      integrity: sha512-c5UhwwTs/yybcmTpAVqwSFl6vrQ8JZJoT5F7xNFK9pymv5C0Ymcc9/LIJHtYIggg/yS9YHw8i8O8tgb9pupjeQ==
  /d3-path/2.0.0:
    dev: false
    resolution:
      integrity: sha512-ZwZQxKhBnv9yHaiWd6ZU4x5BtCQ7pXszEV9CU6kRgwIQVQGLMv1oiL4M+MK/n79sYzsj+gcgpPQSctJUsLN7fA==
  /d3-polygon/2.0.0:
    dev: false
    resolution:
      integrity: sha512-MsexrCK38cTGermELs0cO1d79DcTsQRN7IWMJKczD/2kBjzNXxLUWP33qRF6VDpiLV/4EI4r6Gs0DAWQkE8pSQ==
  /d3-quadtree/2.0.0:
    dev: false
    resolution:
      integrity: sha512-b0Ed2t1UUalJpc3qXzKi+cPGxeXRr4KU9YSlocN74aTzp6R/Ud43t79yLLqxHRWZfsvWXmbDWPpoENK1K539xw==
  /d3-random/2.2.2:
    dev: false
    resolution:
      integrity: sha512-0D9P8TRj6qDAtHhRQn6EfdOtHMfsUWanl3yb/84C4DqpZ+VsgfI5iTVRNRbELCfNvRfpMr8OrqqUTQ6ANGCijw==
  /d3-scale-chromatic/2.0.0:
    dependencies:
      d3-color: 2.0.0
      d3-interpolate: 2.0.1
    dev: false
    resolution:
      integrity: sha512-LLqy7dJSL8yDy7NRmf6xSlsFZ6zYvJ4BcWFE4zBrOPnQERv9zj24ohnXKRbyi9YHnYV+HN1oEO3iFK971/gkzA==
  /d3-scale/3.2.3:
    dependencies:
      d3-array: 2.12.1
      d3-format: 2.0.0
      d3-interpolate: 2.0.1
      d3-time: 2.0.0
      d3-time-format: 3.0.0
    dev: false
    resolution:
      integrity: sha512-8E37oWEmEzj57bHcnjPVOBS3n4jqakOeuv1EDdQSiSrYnMCBdMd3nc4HtKk7uia8DUHcY/CGuJ42xxgtEYrX0g==
  /d3-selection/2.0.0:
    dev: false
    resolution:
      integrity: sha512-XoGGqhLUN/W14NmaqcO/bb1nqjDAw5WtSYb2X8wiuQWvSZUsUVYsOSkOybUrNvcBjaywBdYPy03eXHMXjk9nZA==
  /d3-shape/2.1.0:
    dependencies:
      d3-path: 2.0.0
    dev: false
    resolution:
      integrity: sha512-PnjUqfM2PpskbSLTJvAzp2Wv4CZsnAgTfcVRTwW03QR3MkXF8Uo7B1y/lWkAsmbKwuecto++4NlsYcvYpXpTHA==
  /d3-time-format/3.0.0:
    dependencies:
      d3-time: 2.0.0
    dev: false
    resolution:
      integrity: sha512-UXJh6EKsHBTjopVqZBhFysQcoXSv/5yLONZvkQ5Kk3qbwiUYkdX17Xa1PT6U1ZWXGGfB1ey5L8dKMlFq2DO0Ag==
  /d3-time/2.0.0:
    dev: false
    resolution:
      integrity: sha512-2mvhstTFcMvwStWd9Tj3e6CEqtOivtD8AUiHT8ido/xmzrI9ijrUUihZ6nHuf/vsScRBonagOdj0Vv+SEL5G3Q==
  /d3-timer/2.0.0:
    dev: false
    resolution:
      integrity: sha512-TO4VLh0/420Y/9dO3+f9abDEFYeCUr2WZRlxJvbp4HPTQcSylXNiL6yZa9FIUvV1yRiFufl1bszTCLDqv9PWNA==
  /d3-transition/2.0.0_d3-selection@2.0.0:
    dependencies:
      d3-color: 2.0.0
      d3-dispatch: 2.0.0
      d3-ease: 2.0.0
      d3-interpolate: 2.0.1
      d3-selection: 2.0.0
      d3-timer: 2.0.0
    dev: false
    peerDependencies:
      d3-selection: '2'
    resolution:
      integrity: sha512-42ltAGgJesfQE3u9LuuBHNbGrI/AJjNL2OAUdclE70UE6Vy239GCBEYD38uBPoLeNsOhFStGpPI0BAOV+HMxog==
  /d3-zoom/2.0.0:
    dependencies:
      d3-dispatch: 2.0.0
      d3-drag: 2.0.0
      d3-interpolate: 2.0.1
      d3-selection: 2.0.0
      d3-transition: 2.0.0_d3-selection@2.0.0
    dev: false
    resolution:
      integrity: sha512-fFg7aoaEm9/jf+qfstak0IYpnesZLiMX6GZvXtUSdv8RH2o4E2qeelgdU09eKS6wGuiGMfcnMI0nTIqWzRHGpw==
  /d3/6.6.1:
    dependencies:
      d3-array: 2.12.1
      d3-axis: 2.1.0
      d3-brush: 2.1.0
      d3-chord: 2.0.0
      d3-color: 2.0.0
      d3-contour: 2.0.0
      d3-delaunay: 5.3.0
      d3-dispatch: 2.0.0
      d3-drag: 2.0.0
      d3-dsv: 2.0.0
      d3-ease: 2.0.0
      d3-fetch: 2.0.0
      d3-force: 2.1.1
      d3-format: 2.0.0
      d3-geo: 2.0.1
      d3-hierarchy: 2.0.0
      d3-interpolate: 2.0.1
      d3-path: 2.0.0
      d3-polygon: 2.0.0
      d3-quadtree: 2.0.0
      d3-random: 2.2.2
      d3-scale: 3.2.3
      d3-scale-chromatic: 2.0.0
      d3-selection: 2.0.0
      d3-shape: 2.1.0
      d3-time: 2.0.0
      d3-time-format: 3.0.0
      d3-timer: 2.0.0
      d3-transition: 2.0.0_d3-selection@2.0.0
      d3-zoom: 2.0.0
    dev: false
    resolution:
      integrity: sha512-JzCj5GtMYoGCTD+8k1VwKzxTz1KScwHLQHuop8dne5uOc+WtqWEe2smqQrlMyfiCy9ohaD33LFGNTO5Xq3Mtiw==
  /debug/4.3.2:
    dependencies:
      ms: 2.1.2
    dev: false
    engines:
      node: '>=6.0'
    peerDependencies:
      supports-color: '*'
    peerDependenciesMeta:
      supports-color:
        optional: true
    resolution:
      integrity: sha512-mOp8wKcvj7XxC78zLgw/ZA+6TSgkoE2C/ienthhRD298T7UNwAg9diBpLRxC0mOezLl4B0xV7M0cCO6P/O0Xhw==
  /delaunator/4.0.1:
    dev: false
    resolution:
      integrity: sha512-WNPWi1IRKZfCt/qIDMfERkDp93+iZEmOxN2yy4Jg+Xhv8SLk2UTqqbe1sfiipn0and9QrE914/ihdx82Y/Giag==
  /detect-indent/6.0.0:
    dev: false
    engines:
      node: '>=8'
    resolution:
      integrity: sha512-oSyFlqaTHCItVRGK5RmrmjB+CmaMOW7IaNA/kdxqhoa6d17j/5ce9O9eWXmV/KEdRwqpQA+Vqe8a8Bsybu4YnA==
  /esbuild/0.9.7:
    dev: false
    hasBin: true
    requiresBuild: true
    resolution:
      integrity: sha512-VtUf6aQ89VTmMLKrWHYG50uByMF4JQlVysb8dmg6cOgW8JnFCipmz7p+HNBl+RR3LLCuBxFGVauAe2wfnF9bLg==
  /estree-walker/0.6.1:
    dev: false
    resolution:
      integrity: sha512-SqmZANLWS0mnatqbSfRP5g8OXZC12Fgg1IwNtLsyHDzJizORW4khDfjPqJZsemPWBB2uqykUah5YpQ6epsqC/w==
  /fast-glob/3.2.5:
    dependencies:
      '@nodelib/fs.stat': 2.0.4
      '@nodelib/fs.walk': 1.2.6
      glob-parent: 5.1.2
      merge2: 1.4.1
      micromatch: 4.0.2
      picomatch: 2.2.2
    dev: false
    engines:
      node: '>=8'
    resolution:
      integrity: sha512-2DtFcgT68wiTTiwZ2hNdJfcHNke9XOfnwmBRWXhmeKM8rF0TGwmC/Qto3S7RoZKp5cilZbxzO5iTNTQsJ+EeDg==
  /fastq/1.11.0:
    dependencies:
      reusify: 1.0.4
    dev: false
    resolution:
      integrity: sha512-7Eczs8gIPDrVzT+EksYBcupqMyxSHXXrHOLRRxU2/DicV8789MRBRR8+Hc2uWzUupOs4YS4JzBmBxjjCVBxD/g==
  /fill-range/7.0.1:
    dependencies:
      to-regex-range: 5.0.1
    dev: false
    engines:
      node: '>=8'
    resolution:
      integrity: sha512-qOo9F+dMUmC2Lcb4BbVvnKJxTPjCm+RRpe4gDuGrzkL7mEVl/djYSu2OdQ2Pa302N4oqkSg9ir6jaLWJ2USVpQ==
  /fs.realpath/1.0.0:
    dev: false
    resolution:
      integrity: sha1-FQStJSMVjKpA20onh8sBQRmU6k8=
  /fsevents/2.3.2:
    dev: false
    engines:
      node: ^8.16.0 || ^10.6.0 || >=11.0.0
    optional: true
    os:
      - darwin
    resolution:
      integrity: sha512-xiqMQR4xAeHTuB9uWm+fFRcIOgKBMiOBP+eXiyT7jsgVCq1bkVygt00oASowB7EdtpOHaaPgKt812P9ab+DDKA==
  /function-bind/1.1.1:
    dev: false
    resolution:
      integrity: sha512-yIovAzMX49sF8Yl58fSCWJ5svSLuaibPxXQJFLmBObTuCr0Mf1KiPopGM9NiFjiYBCbfaa2Fh6breQ6ANVTI0A==
  /glob-parent/5.1.2:
    dependencies:
      is-glob: 4.0.1
    dev: false
    engines:
      node: '>= 6'
    resolution:
      integrity: sha512-AOIgSQCepiJYwP3ARnGx+5VnTu2HBYdzbGP45eLw1vr3zB3vZLeyed1sC9hnbcOc9/SrMyM5RPQrkGz4aS9Zow==
  /glob/7.1.6:
    dependencies:
      fs.realpath: 1.0.0
      inflight: 1.0.6
      inherits: 2.0.4
      minimatch: 3.0.4
      once: 1.4.0
      path-is-absolute: 1.0.1
    dev: false
    resolution:
      integrity: sha512-LwaxwyZ72Lk7vZINtNNrywX0ZuLyStrdDtabefZKAY5ZGJhVtgdznluResxNmPitE0SAO+O26sWTHeKSI2wMBA==
  /has/1.0.3:
    dependencies:
      function-bind: 1.1.1
    dev: false
    engines:
      node: '>= 0.4.0'
    resolution:
      integrity: sha512-f2dvO0VU6Oej7RkWJGrehjbzMAjFp5/VKPp5tTpWIV4JHHZK1/BxbFRtf/siA2SWTe09caDmVtYYzWEIbBS4zw==
  /iconv-lite/0.4.24:
    dependencies:
      safer-buffer: 2.1.2
    dev: false
    engines:
      node: '>=0.10.0'
    resolution:
      integrity: sha512-v3MXnZAcvnywkTUEZomIActle7RXXeedOR31wwl7VlyoXO4Qi9arvSenNQWne1TcRwhCL1HwLI21bEqdpj8/rA==
  /inflight/1.0.6:
    dependencies:
      once: 1.4.0
      wrappy: 1.0.2
    dev: false
    resolution:
      integrity: sha1-Sb1jMdfQLQwJvJEKEHW6gWW1bfk=
  /inherits/2.0.4:
    dev: false
    resolution:
      integrity: sha512-k/vGaX4/Yla3WzyMCvTQOXYeIHvqOKtnqBduzTHpzpQZzAskKMhZ2K+EnBiSM9zGSoIFeMpXKxa4dYeZIQqewQ==
  /internmap/1.0.1:
    dev: false
    resolution:
      integrity: sha512-lDB5YccMydFBtasVtxnZ3MRBHuaoE8GKsppq+EchKL2U4nK/DmEpPHNH8MZe5HkMtpSiTSOZwfN0tzYjO/lJEw==
  /is-core-module/2.2.0:
    dependencies:
      has: 1.0.3
    dev: false
    resolution:
      integrity: sha512-XRAfAdyyY5F5cOXn7hYQDqh2Xmii+DEfIcQGxK/uNwMHhIkPWO0g8msXcbzLe+MpGoR951MlqM/2iIlU4vKDdQ==
  /is-extglob/2.1.1:
    dev: false
    engines:
      node: '>=0.10.0'
    resolution:
      integrity: sha1-qIwCU1eR8C7TfHahueqXc8gz+MI=
  /is-glob/4.0.1:
    dependencies:
      is-extglob: 2.1.1
    dev: false
    engines:
      node: '>=0.10.0'
    resolution:
      integrity: sha512-5G0tKtBTFImOqDnLB2hG6Bp2qcKEFduo4tZu9MT/H6NQv/ghhy30o55ufafxJ/LdH79LLs2Kfrn85TLKyA7BUg==
  /is-number/7.0.0:
    dev: false
    engines:
      node: '>=0.12.0'
    resolution:
      integrity: sha512-41Cifkg6e8TylSpdtTpeLVMqvSBEVzTttHvERD741+pnZ8ANv0004MRL43QKPDlK9cGvNp6NZWZUBlbGXYxxng==
  /lines-and-columns/1.1.6:
    dev: false
    resolution:
      integrity: sha1-HADHQ7QzzQpOgHWPe2SldEDZ/wA=
  /merge2/1.4.1:
    dev: false
    engines:
      node: '>= 8'
    resolution:
      integrity: sha512-8q7VEgMJW4J8tcfVPy8g09NcQwZdbwFEqhe/WZkoIzjn/3TGDwtOCYtXGxA3O8tPzpczCCDgv+P2P5y00ZJOOg==
  /micromatch/4.0.2:
    dependencies:
      braces: 3.0.2
      picomatch: 2.2.2
    dev: false
    engines:
      node: '>=8'
    resolution:
      integrity: sha512-y7FpHSbMUMoyPbYUSzO6PaZ6FyRnQOpHuKwbo1G+Knck95XVU4QAiKdGEnj5wwoS7PlOgthX/09u5iFJ+aYf5Q==
  /min-indent/1.0.1:
    dev: false
    engines:
      node: '>=4'
    resolution:
      integrity: sha512-I9jwMn07Sy/IwOj3zVkVik2JTvgpaykDZEigL6Rx6N9LbMywwUSMtxET+7lVoDLLd3O3IXwJwvuuns8UB/HeAg==
  /minimatch/3.0.4:
    dependencies:
      brace-expansion: 1.1.11
    dev: false
    resolution:
      integrity: sha512-yJHVQEhyqPLUTgt9B83PXu6W3rx4MvvHvSUvToogpwoGDOUQ+yDrR0HRot+yOCdCO7u4hX3pWft6kWBBcqh0UA==
  /ms/2.1.2:
    dev: false
    resolution:
      integrity: sha512-sGkPx+VjMtmA6MX27oA4FBFELFCZZ4S4XqeGOXCv68tT+jb3vk/RyaKWP0PTKyWtmLSM0b+adUTEvbs1PEaH2w==
  /mz/2.7.0:
    dependencies:
      any-promise: 1.3.0
      object-assign: 4.1.1
      thenify-all: 1.6.0
    dev: false
    resolution:
      integrity: sha512-z81GNO7nnYMEhrGh9LeymoE4+Yr0Wn5McHIZMK5cfQCl+NDX08sCZgUc9/6MHni9IWuFLm1Z3HTCXu2z9fN62Q==
  /nanoid/3.1.22:
    dev: false
    engines:
      node: ^10 || ^12 || ^13.7 || ^14 || >=15.0.1
    hasBin: true
    resolution:
      integrity: sha512-/2ZUaJX2ANuLtTvqTlgqBQNJoQO398KyJgZloL0PZkC0dpysjncRUPsFe3DUPzz/y3h+u7C46np8RMuvF3jsSQ==
  /node-modules-regexp/1.0.0:
    dev: false
    engines:
      node: '>=0.10.0'
    resolution:
      integrity: sha1-jZ2+KJZKSsVxLpExZCEHxx6Q7EA=
  /object-assign/4.1.1:
    dev: false
    engines:
      node: '>=0.10.0'
    resolution:
      integrity: sha1-IQmtx5ZYh8/AXLvUQsrIv7s2CGM=
  /once/1.4.0:
    dependencies:
      wrappy: 1.0.2
    dev: false
    resolution:
      integrity: sha1-WDsap3WWHUsROsF9nFC6753Xa9E=
  /path-is-absolute/1.0.1:
    dev: false
    engines:
      node: '>=0.10.0'
    resolution:
      integrity: sha1-F0uSaHNVNP+8es5r9TpanhtcX18=
  /path-parse/1.0.6:
    dev: false
    resolution:
      integrity: sha512-GSmOT2EbHrINBf9SR7CDELwlJ8AENk3Qn7OikK4nFYAu3Ote2+JYNVvkpAEQm3/TLNEJFD/xZJjzyxg3KBWOzw==
  /picomatch/2.2.2:
    dev: false
    engines:
      node: '>=8.6'
    resolution:
      integrity: sha512-q0M/9eZHzmr0AulXyPwNfZjtwZ/RBZlbN3K3CErVrk50T2ASYI7Bye0EvekFY3IP1Nt2DHu0re+V2ZHIpMkuWg==
  /pirates/4.0.1:
    dependencies:
      node-modules-regexp: 1.0.0
    dev: false
    engines:
      node: '>= 6'
    resolution:
      integrity: sha512-WuNqLTbMI3tmfef2TKxlQmAiLHKtFhlsCZnPIpuv2Ow0RDVO8lfy1Opf4NUzlMXLjPl+Men7AuVdX6TA+s+uGA==
  /postcss/8.2.8:
    dependencies:
      colorette: 1.2.2
      nanoid: 3.1.22
      source-map: 0.6.1
    dev: false
    engines:
      node: ^10 || ^12 || >=14
    resolution:
      integrity: sha512-1F0Xb2T21xET7oQV9eKuctbM9S7BC0fetoHCc4H13z0PT6haiRLP4T0ZY4XWh7iLP0usgqykT6p9B2RtOf4FPw==
  /queue-microtask/1.2.3:
    dev: false
    resolution:
      integrity: sha512-NuaNSa6flKT5JaSYQzJok04JzTL1CA6aGhv5rfLW3PgqA+M2ChpZQnAC8h8i4ZFkBS8X5RqkDBHA7r4hej3K9A==
  /require-relative/0.8.7:
    dev: false
    resolution:
      integrity: sha1-eZlTn8ngR6N5KPoZb44VY9q9Nt4=
  /resolve/1.20.0:
    dependencies:
      is-core-module: 2.2.0
      path-parse: 1.0.6
    dev: false
    resolution:
      integrity: sha512-wENBPt4ySzg4ybFQW2TT1zMQucPK95HSh/nq2CFTZVOGut2+pQvSsgtda4d26YrYcr067wjbmzOG8byDPBX63A==
  /reusify/1.0.4:
    dev: false
    engines:
      iojs: '>=1.0.0'
      node: '>=0.10.0'
    resolution:
      integrity: sha512-U9nH88a3fc/ekCF1l0/UP1IosiuIjyTh7hBvXVMHYgVcfGvt897Xguj2UOLDeI5BG2m7/uwyaLVT6fbtCwTyzw==
  /rollup-plugin-svelte/7.1.0_svelte@3.35.0:
    dependencies:
      require-relative: 0.8.7
      rollup-pluginutils: 2.8.2
      svelte: 3.35.0
    dev: false
    engines:
      node: '>=10'
    peerDependencies:
      rollup: '>=2.0.0'
      svelte: '>=3.5.0'
    resolution:
      integrity: sha512-vopCUq3G+25sKjwF5VilIbiY6KCuMNHP1PFvx2Vr3REBNMDllKHFZN2B9jwwC+MqNc3UPKkjXnceLPEjTjXGXg==
  /rollup-pluginutils/2.8.2:
    dependencies:
      estree-walker: 0.6.1
    dev: false
    resolution:
      integrity: sha512-EEp9NhnUkwY8aif6bxgovPHMoMoNr2FulJziTndpt5H9RdwC47GSGuII9XxpSdzVGM0GWrNPHV6ie1LTNJPaLQ==
  /rollup/2.42.4:
    dev: false
    engines:
      node: '>=10.0.0'
    hasBin: true
    optionalDependencies:
      fsevents: 2.3.2
    resolution:
      integrity: sha512-Zqv3EvNfcllBHyyEUM754npqsZw82VIjK34cDQMwrQ1d6aqxzeYu5yFb7smGkPU4C1Bj7HupIMeT6WU7uIdnMw==
  /run-parallel/1.2.0:
    dependencies:
      queue-microtask: 1.2.3
    dev: false
    resolution:
      integrity: sha512-5l4VyZR86LZ/lDxZTR6jqL8AFE2S0IFLMP26AbjsLVADxHdhB/c0GUsH+y39UfCi3dzz8OlQuPmnaJOMoDHQBA==
  /rw/1.3.3:
    dev: false
    resolution:
      integrity: sha1-P4Yt+pGrdmsUiF700BEkv9oHT7Q=
  /safer-buffer/2.1.2:
    dev: false
    resolution:
      integrity: sha512-YZo3K82SD7Riyi0E1EQPojLz7kpepnSQI9IyPbHHg1XXXevb5dJI7tpyN2ADxGcQbHG7vcyRHk0cbwqcQriUtg==
  /source-map/0.6.1:
    dev: false
    engines:
      node: '>=0.10.0'
    resolution:
      integrity: sha512-UjgapumWlbMhkBgzT7Ykc5YXUT46F0iKu8SGXq0bcwP5dz/h0Plj6enJqjz1Zbq2l5WaqYnrVbwWOWMyF3F47g==
  /strip-indent/3.0.0:
    dependencies:
      min-indent: 1.0.1
    dev: false
    engines:
      node: '>=8'
    resolution:
      integrity: sha512-laJTa3Jb+VQpaC6DseHhF7dXVqHTfJPCRDaEbid/drOhgitgYku/letMUqOXFoWV0zIIUbjpdH2t+tYj4bQMRQ==
  /sucrase/3.17.1:
    dependencies:
      commander: 4.1.1
      glob: 7.1.6
      lines-and-columns: 1.1.6
      mz: 2.7.0
      pirates: 4.0.1
      ts-interface-checker: 0.1.13
    dev: false
    engines:
      node: '>=8'
    hasBin: true
    resolution:
      integrity: sha512-04cNLFAhS4NBG2Z/MTkLY6HdoBsqErv3wCncymFlfFtnpMthurlWYML2RlID4M2BbiJSu1eZdQnE8Lcz4PCe2g==
  /svelte-preprocess/4.6.9_svelte@3.35.0+typescript@4.2.3:
    dependencies:
      '@types/pug': 2.0.4
      '@types/sass': 1.16.0
      detect-indent: 6.0.0
      strip-indent: 3.0.0
      svelte: 3.35.0
      typescript: 4.2.3
    dev: false
    engines:
      node: '>= 9.11.2'
    peerDependencies:
      '@babel/core': ^7.10.2
      coffeescript: ^2.5.1
      less: ^3.11.3
      node-sass: '*'
      postcss: ^7 || ^8
      postcss-load-config: ^2.1.0 || ^3.0.0
      pug: ^3.0.0
      sass: ^1.26.8
      stylus: ^0.54.7
      sugarss: ^2.0.0
      svelte: ^3.23.0
      typescript: ^3.9.5 || ^4.0.0
    peerDependenciesMeta:
      '@babel/core':
        optional: true
      coffeescript:
        optional: true
      less:
        optional: true
      node-sass:
        optional: true
      postcss:
        optional: true
      postcss-load-config:
        optional: true
      pug:
        optional: true
      sass:
        optional: true
      stylus:
        optional: true
      sugarss:
        optional: true
      typescript:
        optional: true
    requiresBuild: true
    resolution:
      integrity: sha512-SROWH0rB0DJ+0Ii264cprmNu/NJyZacs5wFD71ya93Cg/oA2lKHgQm4F6j0EWA4ktFMzeuJJm/eX6fka39hEHA==
  /svelte/3.35.0:
    dev: false
    engines:
      node: '>= 8'
    resolution:
      integrity: sha512-gknlZkR2sXheu/X+B7dDImwANVvK1R0QGQLd8CNIfxxGPeXBmePnxfzb6fWwTQRsYQG7lYkZXvpXJvxvpsoB7g==
  /thenify-all/1.6.0:
    dependencies:
      thenify: 3.3.1
    dev: false
    engines:
      node: '>=0.8'
    resolution:
      integrity: sha1-GhkY1ALY/D+Y+/I02wvMjMEOlyY=
  /thenify/3.3.1:
    dependencies:
      any-promise: 1.3.0
    dev: false
    resolution:
      integrity: sha512-RVZSIV5IG10Hk3enotrhvz0T9em6cyHBLkH/YAZuKqd8hRkKhSfCGIcP2KUY0EPxndzANBmNllzWPwak+bheSw==
  /to-regex-range/5.0.1:
    dependencies:
      is-number: 7.0.0
    dev: false
    engines:
      node: '>=8.0'
    resolution:
      integrity: sha512-65P7iz6X5yEr1cwcgvQxbbIw7Uk3gOy5dIdtZ4rDveLqhrdJP+Li/Hx6tyK0NEb+2GCyneCMJiGqrADCSNk8sQ==
  /ts-interface-checker/0.1.13:
    dev: false
    resolution:
      integrity: sha512-Y/arvbn+rrz3JCKl9C4kVNfTfSm2/mEp5FSz5EsZSANGPSlQrpRI5M4PKF+mJnE52jOO90PnPSc3Ur3bTQw0gA==
  /typescript/4.2.3:
    dev: false
    engines:
      node: '>=4.2.0'
    hasBin: true
    resolution:
      integrity: sha512-qOcYwxaByStAWrBf4x0fibwZvMRG+r4cQoTjbPtUlrWjBHbmCAww1i448U0GJ+3cNNEtebDteo/cHOR3xJ4wEw==
  /vite-plugin-windicss/0.9.11_vite@2.1.2:
    dependencies:
      '@windicss/plugin-utils': 0.9.11
      debug: 4.3.2
      vite: 2.1.2
      windicss: 2.5.4
    dev: false
    peerDependencies:
      vite: ^2.0.1
    resolution:
      integrity: sha512-wcF2VmglWqvtsi8Zq4kTVVU9jPiiAfdyy91TnlgaJYlgRaBZcwb7QSJ9p5SeOWIyl6RpzjlK2JFWa0djrVmG8w==
  /vite/2.1.2:
    dependencies:
      esbuild: 0.9.7
      postcss: 8.2.8
      resolve: 1.20.0
      rollup: 2.42.4
    dev: false
    engines:
      node: '>=12.0.0'
    hasBin: true
    optionalDependencies:
      fsevents: 2.3.2
    resolution:
      integrity: sha512-K96k5Nb1kywggFwZNGf/NQVZIrjMSvjebYWFIEQRu8AQWtzxatMF8/reExFXebmrfWAT3PTUk6l4zJBkpMtyVg==
  /windicss/2.5.4:
    dev: false
    engines:
      node: '>= 12'
    hasBin: true
    resolution:
      integrity: sha512-K+w/TOxbY38bIjRyJVgQ29ndZ0xZsbpf4a7wClqyFDQdCTbuCnzChBMpO13BqLmksIaHRzL46TeBRpFyV6n5/A==
  /wrappy/1.0.2:
    dev: false
    resolution:
      integrity: sha1-tSQ9jz7BqjXxNkYFvA0QNuMKtp8=
specifiers:
  '@tsconfig/svelte': ^1.0.10
  '@types/d3': ^6.3.0
  d3: ^6.6.1
  rollup-plugin-svelte: ^7.1.0
  svelte: ^3.35.0
  svelte-preprocess: ^4.6.9
  typescript: ^4.2.3
  vite: ^2.1.2
  vite-plugin-windicss: ^0.9.11
